
Microsoft Visual Studio Solution File, Format Version 12.00
# Visual Studio Version 17
VisualStudioVersion = 17.4.33205.214
MinimumVisualStudioVersion = 10.0.40219.1
Project("{FAE04EC0-301F-11D3-BF4B-00C04F79EFBC}") = "exe_6", "exe_6.csproj", "{2CF9802E-6E95-40C1-A3AA-3B7236741A6B}"
EndProject
Global
	GlobalSection(SolutionConfigurationPlatforms) = preSolution
		Debug|Any CPU = Debug|Any CPU
		Release|Any CPU = Release|Any CPU
	EndGlobalSection
	GlobalSection(ProjectConfigurationPlatforms) = postSolution
		{2CF9802E-6E95-40C1-A3AA-3B7236741A6B}.Debug|Any CPU.ActiveCfg = Debug|Any CPU
		{2CF9802E-6E95-40C1-A3AA-3B7236741A6B}.Debug|Any CPU.Build.0 = Debug|Any CPU
		{2CF9802E-6E95-40C1-A3AA-3B7236741A6B}.Release|Any CPU.ActiveCfg = Release|Any CPU
		{2CF9802E-6E95-40C1-A3AA-3B7236741A6B}.Release|Any CPU.Build.0 = Release|Any CPU
	EndGlobalSection
	GlobalSection(SolutionProperties) = preSolution
		HideSolutionNode = FALSE
	EndGlobalSection
	GlobalSection(ExtensibilityGlobals) = postSolution
		SolutionGuid = {545D0521-F998-4390-BA71-69B1E1CEA242}
	EndGlobalSection
EndGlobal
